
Microsoft Visual Studio Solution File, Format Version 10.00
# Visual Studio 2008
Project("{FAE04EC0-301F-11D3-BF4B-00C04F79EFBC}") = "VoltDB.Examples.Voter", "VoltDB.Examples\Voter\VoltDB.Examples.Voter.csproj", "{5A072211-56D9-4FFA-B776-B524744E8454}"
EndProject
Project("{FAE04EC0-301F-11D3-BF4B-00C04F79EFBC}") = "VoltDB.Examples.HelloWorld", "VoltDB.Examples\HelloWorld\VoltDB.Examples.HelloWorld.csproj", "{655D5E0E-9A2E-4807-8A88-1A16DC082C69}"
EndProject
Project("{FAE04EC0-301F-11D3-BF4B-00C04F79EFBC}") = "VoltDB.Examples.KeyValue", "VoltDB.Examples\KeyValue\VoltDB.Examples.KeyValue.csproj", "{464AA9E7-02F2-4F05-826A-CE2630FBBCB1}"
EndProject
Global
	GlobalSection(SubversionScc) = preSolution
		Svn-Managed = True
		Manager = AnkhSVN - Subversion Support for Visual Studio
	EndGlobalSection
	GlobalSection(SolutionConfigurationPlatforms) = preSolution
		Debug|Any CPU = Debug|Any CPU
		Release|Any CPU = Release|Any CPU
	EndGlobalSection
	GlobalSection(ProjectConfigurationPlatforms) = postSolution
		{5A072211-56D9-4FFA-B776-B524744E8454}.Debug|Any CPU.ActiveCfg = Debug|Any CPU
		{5A072211-56D9-4FFA-B776-B524744E8454}.Debug|Any CPU.Build.0 = Debug|Any CPU
		{5A072211-56D9-4FFA-B776-B524744E8454}.Release|Any CPU.ActiveCfg = Release|Any CPU
		{5A072211-56D9-4FFA-B776-B524744E8454}.Release|Any CPU.Build.0 = Release|Any CPU
		{655D5E0E-9A2E-4807-8A88-1A16DC082C69}.Debug|Any CPU.ActiveCfg = Debug|Any CPU
		{655D5E0E-9A2E-4807-8A88-1A16DC082C69}.Debug|Any CPU.Build.0 = Debug|Any CPU
		{655D5E0E-9A2E-4807-8A88-1A16DC082C69}.Release|Any CPU.ActiveCfg = Release|Any CPU
		{655D5E0E-9A2E-4807-8A88-1A16DC082C69}.Release|Any CPU.Build.0 = Release|Any CPU
		{464AA9E7-02F2-4F05-826A-CE2630FBBCB1}.Debug|Any CPU.ActiveCfg = Debug|Any CPU
		{464AA9E7-02F2-4F05-826A-CE2630FBBCB1}.Debug|Any CPU.Build.0 = Debug|Any CPU
		{464AA9E7-02F2-4F05-826A-CE2630FBBCB1}.Release|Any CPU.ActiveCfg = Release|Any CPU
		{464AA9E7-02F2-4F05-826A-CE2630FBBCB1}.Release|Any CPU.Build.0 = Release|Any CPU
	EndGlobalSection
	GlobalSection(SolutionProperties) = preSolution
		HideSolutionNode = FALSE
	EndGlobalSection
EndGlobal
