
Microsoft Visual Studio Solution File, Format Version 11.00
# Visual Studio 2010
Project("{FAE04EC0-301F-11D3-BF4B-00C04F79EFBC}") = "VoltDB.Data.Client", "VoltDB.Data.Client\VoltDB.Data.Client.csproj", "{F860E283-5A34-491B-A76B-B404D3CC3D47}"
EndProject
Global
	GlobalSection(SubversionScc) = preSolution
		Svn-Managed = True
		Manager = AnkhSVN - Subversion Support for Visual Studio
	EndGlobalSection
	GlobalSection(SolutionConfigurationPlatforms) = preSolution
		Debug|Any CPU = Debug|Any CPU
		Release|Any CPU = Release|Any CPU
	EndGlobalSection
	GlobalSection(ProjectConfigurationPlatforms) = postSolution
		{F860E283-5A34-491B-A76B-B404D3CC3D47}.Debug|Any CPU.ActiveCfg = Debug|Any CPU
		{F860E283-5A34-491B-A76B-B404D3CC3D47}.Debug|Any CPU.Build.0 = Debug|Any CPU
		{F860E283-5A34-491B-A76B-B404D3CC3D47}.Release|Any CPU.ActiveCfg = Release|Any CPU
		{F860E283-5A34-491B-A76B-B404D3CC3D47}.Release|Any CPU.Build.0 = Release|Any CPU
	EndGlobalSection
	GlobalSection(SolutionProperties) = preSolution
		HideSolutionNode = FALSE
	EndGlobalSection
EndGlobal
